Microsoft Visual Studio Solution File, Format Version 12.00
# Visual Studio Version 17
VisualStudioVersion = 17.5.2.0
MinimumVisualStudioVersion = 10.0.40219.1
Project("{FAE04EC0-301F-11D3-BF4B-00C04F79EFBC}") = "ControleAcesso", "ControleAcesso.csproj", "{75DF1C2A-B901-B239-66F2-D02E11433C02}"
EndProject
Global
	GlobalSection(SolutionConfigurationPlatforms) = preSolution
		Debug|Any CPU = Debug|Any CPU
		Release|Any CPU = Release|Any CPU
	EndGlobalSection
	GlobalSection(ProjectConfigurationPlatforms) = postSolution
		{75DF1C2A-B901-B239-66F2-D02E11433C02}.Debug|Any CPU.ActiveCfg = Debug|Any CPU
		{75DF1C2A-B901-B239-66F2-D02E11433C02}.Debug|Any CPU.Build.0 = Debug|Any CPU
		{75DF1C2A-B901-B239-66F2-D02E11433C02}.Release|Any CPU.ActiveCfg = Release|Any CPU
		{75DF1C2A-B901-B239-66F2-D02E11433C02}.Release|Any CPU.Build.0 = Release|Any CPU
	EndGlobalSection
	GlobalSection(SolutionProperties) = preSolution
		HideSolutionNode = FALSE
	EndGlobalSection
	GlobalSection(ExtensibilityGlobals) = postSolution
		SolutionGuid = {6D28D627-95C7-431F-8B10-A4D7109ADB45}
	EndGlobalSection
EndGlobal
